
Microsoft Visual Studio Solution File, Format Version 12.00
# Visual Studio Version 16
VisualStudioVersion = 16.0.31424.327
MinimumVisualStudioVersion = 10.0.40219.1
Project("{9A19103F-16F7-4668-BE54-9A1E7A4F7556}") = "UsersAPI.Services", "UsersAPI.Services\UsersAPI.Services.csproj", "{BE16E26F-59A6-4F42-9E30-3A9E55B41F48}"
EndProject
Project("{2150E333-8FDC-42A3-9474-1A3956D46DE8}") = "API", "API", "{2B9CD9B3-699D-4AEA-A039-867C89A90A08}"
EndProject
Project("{2150E333-8FDC-42A3-9474-1A3956D46DE8}") = "DDD", "DDD", "{EEE91236-2E37-4F0E-A917-FE2929EF6794}"
EndProject
Project("{2150E333-8FDC-42A3-9474-1A3956D46DE8}") = "Tests", "Tests", "{832C3AE5-8B51-4328-928B-5E358D9349CC}"
EndProject
Project("{2150E333-8FDC-42A3-9474-1A3956D46DE8}") = "Application", "Application", "{AB72078D-CB52-4897-9842-2049C85977E5}"
EndProject
Project("{2150E333-8FDC-42A3-9474-1A3956D46DE8}") = "Domain", "Domain", "{8540177B-AB7E-4004-B7BF-449F4AB1B72C}"
EndProject
Project("{2150E333-8FDC-42A3-9474-1A3956D46DE8}") = "InfraStructure", "InfraStructure", "{047D8DDA-C631-44C5-B013-48AF5E05FAB0}"
EndProject
Project("{9A19103F-16F7-4668-BE54-9A1E7A4F7556}") = "UsersAPI.Application", "UsersAPI.Application\UsersAPI.Application.csproj", "{DB0F14A6-208A-4F47-A941-6869892FDC16}"
EndProject
Project("{9A19103F-16F7-4668-BE54-9A1E7A4F7556}") = "UsersAPI.Domain", "UsersAPI.Domain\UsersAPI.Domain.csproj", "{FF3F3EA1-234F-4392-8D67-78DA9B4C2794}"
EndProject
Project("{9A19103F-16F7-4668-BE54-9A1E7A4F7556}") = "UsersAPI.Infra.Data", "UsersAPI.Infra.Data\UsersAPI.Infra.Data.csproj", "{FD465697-44F2-4876-AB6A-C4CAA81B85AB}"
EndProject
Project("{9A19103F-16F7-4668-BE54-9A1E7A4F7556}") = "UsersAPI.Tests", "UsersAPI.Tests\UsersAPI.Tests.csproj", "{3E21EE6E-81C2-4883-A19A-C7A600A19A0C}"
EndProject
Project("{9A19103F-16F7-4668-BE54-9A1E7A4F7556}") = "UsersAPI.Infra.IoC", "UsersAPI.Infra.Ioc\UsersAPI.Infra.IoC.csproj", "{EF21A2EC-C65E-4DC1-9DCE-3E370305BD8E}"
EndProject
Global
	GlobalSection(SolutionConfigurationPlatforms) = preSolution
		Debug|Any CPU = Debug|Any CPU
		Release|Any CPU = Release|Any CPU
	EndGlobalSection
	GlobalSection(ProjectConfigurationPlatforms) = postSolution
		{BE16E26F-59A6-4F42-9E30-3A9E55B41F48}.Debug|Any CPU.ActiveCfg = Debug|Any CPU
		{BE16E26F-59A6-4F42-9E30-3A9E55B41F48}.Debug|Any CPU.Build.0 = Debug|Any CPU
		{BE16E26F-59A6-4F42-9E30-3A9E55B41F48}.Release|Any CPU.ActiveCfg = Release|Any CPU
		{BE16E26F-59A6-4F42-9E30-3A9E55B41F48}.Release|Any CPU.Build.0 = Release|Any CPU
		{DB0F14A6-208A-4F47-A941-6869892FDC16}.Debug|Any CPU.ActiveCfg = Debug|Any CPU
		{DB0F14A6-208A-4F47-A941-6869892FDC16}.Debug|Any CPU.Build.0 = Debug|Any CPU
		{DB0F14A6-208A-4F47-A941-6869892FDC16}.Release|Any CPU.ActiveCfg = Release|Any CPU
		{DB0F14A6-208A-4F47-A941-6869892FDC16}.Release|Any CPU.Build.0 = Release|Any CPU
		{FF3F3EA1-234F-4392-8D67-78DA9B4C2794}.Debug|Any CPU.ActiveCfg = Debug|Any CPU
		{FF3F3EA1-234F-4392-8D67-78DA9B4C2794}.Debug|Any CPU.Build.0 = Debug|Any CPU
		{FF3F3EA1-234F-4392-8D67-78DA9B4C2794}.Release|Any CPU.ActiveCfg = Release|Any CPU
		{FF3F3EA1-234F-4392-8D67-78DA9B4C2794}.Release|Any CPU.Build.0 = Release|Any CPU
		{FD465697-44F2-4876-AB6A-C4CAA81B85AB}.Debug|Any CPU.ActiveCfg = Debug|Any CPU
		{FD465697-44F2-4876-AB6A-C4CAA81B85AB}.Debug|Any CPU.Build.0 = Debug|Any CPU
		{FD465697-44F2-4876-AB6A-C4CAA81B85AB}.Release|Any CPU.ActiveCfg = Release|Any CPU
		{FD465697-44F2-4876-AB6A-C4CAA81B85AB}.Release|Any CPU.Build.0 = Release|Any CPU
		{3E21EE6E-81C2-4883-A19A-C7A600A19A0C}.Debug|Any CPU.ActiveCfg = Debug|Any CPU
		{3E21EE6E-81C2-4883-A19A-C7A600A19A0C}.Debug|Any CPU.Build.0 = Debug|Any CPU
		{3E21EE6E-81C2-4883-A19A-C7A600A19A0C}.Release|Any CPU.ActiveCfg = Release|Any CPU
		{3E21EE6E-81C2-4883-A19A-C7A600A19A0C}.Release|Any CPU.Build.0 = Release|Any CPU
		{EF21A2EC-C65E-4DC1-9DCE-3E370305BD8E}.Debug|Any CPU.ActiveCfg = Debug|Any CPU
		{EF21A2EC-C65E-4DC1-9DCE-3E370305BD8E}.Debug|Any CPU.Build.0 = Debug|Any CPU
		{EF21A2EC-C65E-4DC1-9DCE-3E370305BD8E}.Release|Any CPU.ActiveCfg = Release|Any CPU
		{EF21A2EC-C65E-4DC1-9DCE-3E370305BD8E}.Release|Any CPU.Build.0 = Release|Any CPU
	EndGlobalSection
	GlobalSection(SolutionProperties) = preSolution
		HideSolutionNode = FALSE
	EndGlobalSection
	GlobalSection(NestedProjects) = preSolution
		{BE16E26F-59A6-4F42-9E30-3A9E55B41F48} = {2B9CD9B3-699D-4AEA-A039-867C89A90A08}
		{AB72078D-CB52-4897-9842-2049C85977E5} = {EEE91236-2E37-4F0E-A917-FE2929EF6794}
		{8540177B-AB7E-4004-B7BF-449F4AB1B72C} = {EEE91236-2E37-4F0E-A917-FE2929EF6794}
		{047D8DDA-C631-44C5-B013-48AF5E05FAB0} = {EEE91236-2E37-4F0E-A917-FE2929EF6794}
		{DB0F14A6-208A-4F47-A941-6869892FDC16} = {AB72078D-CB52-4897-9842-2049C85977E5}
		{FF3F3EA1-234F-4392-8D67-78DA9B4C2794} = {8540177B-AB7E-4004-B7BF-449F4AB1B72C}
		{FD465697-44F2-4876-AB6A-C4CAA81B85AB} = {047D8DDA-C631-44C5-B013-48AF5E05FAB0}
		{3E21EE6E-81C2-4883-A19A-C7A600A19A0C} = {832C3AE5-8B51-4328-928B-5E358D9349CC}
		{EF21A2EC-C65E-4DC1-9DCE-3E370305BD8E} = {047D8DDA-C631-44C5-B013-48AF5E05FAB0}
	EndGlobalSection
	GlobalSection(ExtensibilityGlobals) = postSolution
		SolutionGuid = {C3A28C46-C5A9-4E21-935E-BA4C0274079B}
	EndGlobalSection
EndGlobal
